
Microsoft Visual Studio Solution File, Format Version 12.00
# Visual Studio 15
VisualStudioVersion = 15.0.27428.2027
MinimumVisualStudioVersion = 10.0.40219.1
Project("{FAE04EC0-301F-11D3-BF4B-00C04F79EFBC}") = "KBVB.AR.Android", "KBVB.AR\KBVB.AR.Android\KBVB.AR.Android.csproj", "{BBB442DD-A699-48DA-A46A-5DC884E4B700}"
EndProject
Project("{FAE04EC0-301F-11D3-BF4B-00C04F79EFBC}") = "KBVB.AR.iOS", "KBVB.AR\KBVB.AR.iOS\KBVB.AR.iOS.csproj", "{3110748C-156A-482A-9913-F466A080EAB7}"
EndProject
Project("{FAE04EC0-301F-11D3-BF4B-00C04F79EFBC}") = "KBVB.AR", "KBVB.AR\KBVB.AR\KBVB.AR.csproj", "{91720381-21FB-40CB-BD47-957C4082370B}"
EndProject
Global
	GlobalSection(SolutionConfigurationPlatforms) = preSolution
		Ad-Hoc|Any CPU = Ad-Hoc|Any CPU
		Ad-Hoc|iPhone = Ad-Hoc|iPhone
		Ad-Hoc|iPhoneSimulator = Ad-Hoc|iPhoneSimulator
		AppStore|Any CPU = AppStore|Any CPU
		AppStore|iPhone = AppStore|iPhone
		AppStore|iPhoneSimulator = AppStore|iPhoneSimulator
		Debug|Any CPU = Debug|Any CPU
		Debug|iPhone = Debug|iPhone
		Debug|iPhoneSimulator = Debug|iPhoneSimulator
		Release|Any CPU = Release|Any CPU
		Release|iPhone = Release|iPhone
		Release|iPhoneSimulator = Release|iPhoneSimulator
	EndGlobalSection
	GlobalSection(ProjectConfigurationPlatforms) = postSolution
		{BBB442DD-A699-48DA-A46A-5DC884E4B700}.Ad-Hoc|Any CPU.ActiveCfg = Release|Any CPU
		{BBB442DD-A699-48DA-A46A-5DC884E4B700}.Ad-Hoc|Any CPU.Build.0 = Release|Any CPU
		{BBB442DD-A699-48DA-A46A-5DC884E4B700}.Ad-Hoc|Any CPU.Deploy.0 = Release|Any CPU
		{BBB442DD-A699-48DA-A46A-5DC884E4B700}.Ad-Hoc|iPhone.ActiveCfg = Release|Any CPU
		{BBB442DD-A699-48DA-A46A-5DC884E4B700}.Ad-Hoc|iPhone.Build.0 = Release|Any CPU
		{BBB442DD-A699-48DA-A46A-5DC884E4B700}.Ad-Hoc|iPhone.Deploy.0 = Release|Any CPU
		{BBB442DD-A699-48DA-A46A-5DC884E4B700}.Ad-Hoc|iPhoneSimulator.ActiveCfg = Release|Any CPU
		{BBB442DD-A699-48DA-A46A-5DC884E4B700}.Ad-Hoc|iPhoneSimulator.Build.0 = Release|Any CPU
		{BBB442DD-A699-48DA-A46A-5DC884E4B700}.Ad-Hoc|iPhoneSimulator.Deploy.0 = Release|Any CPU
		{BBB442DD-A699-48DA-A46A-5DC884E4B700}.AppStore|Any CPU.ActiveCfg = Release|Any CPU
		{BBB442DD-A699-48DA-A46A-5DC884E4B700}.AppStore|Any CPU.Build.0 = Release|Any CPU
		{BBB442DD-A699-48DA-A46A-5DC884E4B700}.AppStore|Any CPU.Deploy.0 = Release|Any CPU
		{BBB442DD-A699-48DA-A46A-5DC884E4B700}.AppStore|iPhone.ActiveCfg = Release|Any CPU
		{BBB442DD-A699-48DA-A46A-5DC884E4B700}.AppStore|iPhone.Build.0 = Release|Any CPU
		{BBB442DD-A699-48DA-A46A-5DC884E4B700}.AppStore|iPhone.Deploy.0 = Release|Any CPU
		{BBB442DD-A699-48DA-A46A-5DC884E4B700}.AppStore|iPhoneSimulator.ActiveCfg = Release|Any CPU
		{BBB442DD-A699-48DA-A46A-5DC884E4B700}.AppStore|iPhoneSimulator.Build.0 = Release|Any CPU
		{BBB442DD-A699-48DA-A46A-5DC884E4B700}.AppStore|iPhoneSimulator.Deploy.0 = Release|Any CPU
		{BBB442DD-A699-48DA-A46A-5DC884E4B700}.Debug|Any CPU.ActiveCfg = Debug|Any CPU
		{BBB442DD-A699-48DA-A46A-5DC884E4B700}.Debug|Any CPU.Build.0 = Debug|Any CPU
		{BBB442DD-A699-48DA-A46A-5DC884E4B700}.Debug|Any CPU.Deploy.0 = Debug|Any CPU
		{BBB442DD-A699-48DA-A46A-5DC884E4B700}.Debug|iPhone.ActiveCfg = Debug|Any CPU
		{BBB442DD-A699-48DA-A46A-5DC884E4B700}.Debug|iPhone.Build.0 = Debug|Any CPU
		{BBB442DD-A699-48DA-A46A-5DC884E4B700}.Debug|iPhone.Deploy.0 = Debug|Any CPU
		{BBB442DD-A699-48DA-A46A-5DC884E4B700}.Debug|iPhoneSimulator.ActiveCfg = Debug|Any CPU
		{BBB442DD-A699-48DA-A46A-5DC884E4B700}.Debug|iPhoneSimulator.Build.0 = Debug|Any CPU
		{BBB442DD-A699-48DA-A46A-5DC884E4B700}.Debug|iPhoneSimulator.Deploy.0 = Debug|Any CPU
		{BBB442DD-A699-48DA-A46A-5DC884E4B700}.Release|Any CPU.ActiveCfg = Release|Any CPU
		{BBB442DD-A699-48DA-A46A-5DC884E4B700}.Release|Any CPU.Build.0 = Release|Any CPU
		{BBB442DD-A699-48DA-A46A-5DC884E4B700}.Release|Any CPU.Deploy.0 = Release|Any CPU
		{BBB442DD-A699-48DA-A46A-5DC884E4B700}.Release|iPhone.ActiveCfg = Release|Any CPU
		{BBB442DD-A699-48DA-A46A-5DC884E4B700}.Release|iPhone.Build.0 = Release|Any CPU
		{BBB442DD-A699-48DA-A46A-5DC884E4B700}.Release|iPhone.Deploy.0 = Release|Any CPU
		{BBB442DD-A699-48DA-A46A-5DC884E4B700}.Release|iPhoneSimulator.ActiveCfg = Release|Any CPU
		{BBB442DD-A699-48DA-A46A-5DC884E4B700}.Release|iPhoneSimulator.Build.0 = Release|Any CPU
		{BBB442DD-A699-48DA-A46A-5DC884E4B700}.Release|iPhoneSimulator.Deploy.0 = Release|Any CPU
		{3110748C-156A-482A-9913-F466A080EAB7}.Ad-Hoc|Any CPU.ActiveCfg = Ad-Hoc|iPhone
		{3110748C-156A-482A-9913-F466A080EAB7}.Ad-Hoc|iPhone.ActiveCfg = Ad-Hoc|iPhone
		{3110748C-156A-482A-9913-F466A080EAB7}.Ad-Hoc|iPhone.Build.0 = Ad-Hoc|iPhone
		{3110748C-156A-482A-9913-F466A080EAB7}.Ad-Hoc|iPhoneSimulator.ActiveCfg = Ad-Hoc|iPhoneSimulator
		{3110748C-156A-482A-9913-F466A080EAB7}.Ad-Hoc|iPhoneSimulator.Build.0 = Ad-Hoc|iPhoneSimulator
		{3110748C-156A-482A-9913-F466A080EAB7}.AppStore|Any CPU.ActiveCfg = AppStore|iPhone
		{3110748C-156A-482A-9913-F466A080EAB7}.AppStore|iPhone.ActiveCfg = AppStore|iPhone
		{3110748C-156A-482A-9913-F466A080EAB7}.AppStore|iPhone.Build.0 = AppStore|iPhone
		{3110748C-156A-482A-9913-F466A080EAB7}.AppStore|iPhoneSimulator.ActiveCfg = AppStore|iPhoneSimulator
		{3110748C-156A-482A-9913-F466A080EAB7}.AppStore|iPhoneSimulator.Build.0 = AppStore|iPhoneSimulator
		{3110748C-156A-482A-9913-F466A080EAB7}.Debug|Any CPU.ActiveCfg = Debug|iPhone
		{3110748C-156A-482A-9913-F466A080EAB7}.Debug|iPhone.ActiveCfg = Debug|iPhone
		{3110748C-156A-482A-9913-F466A080EAB7}.Debug|iPhone.Build.0 = Debug|iPhone
		{3110748C-156A-482A-9913-F466A080EAB7}.Debug|iPhoneSimulator.ActiveCfg = Debug|iPhoneSimulator
		{3110748C-156A-482A-9913-F466A080EAB7}.Debug|iPhoneSimulator.Build.0 = Debug|iPhoneSimulator
		{3110748C-156A-482A-9913-F466A080EAB7}.Release|Any CPU.ActiveCfg = Release|iPhone
		{3110748C-156A-482A-9913-F466A080EAB7}.Release|iPhone.ActiveCfg = Release|iPhone
		{3110748C-156A-482A-9913-F466A080EAB7}.Release|iPhone.Build.0 = Release|iPhone
		{3110748C-156A-482A-9913-F466A080EAB7}.Release|iPhoneSimulator.ActiveCfg = Release|iPhoneSimulator
		{3110748C-156A-482A-9913-F466A080EAB7}.Release|iPhoneSimulator.Build.0 = Release|iPhoneSimulator
		{91720381-21FB-40CB-BD47-957C4082370B}.Ad-Hoc|Any CPU.ActiveCfg = Debug|Any CPU
		{91720381-21FB-40CB-BD47-957C4082370B}.Ad-Hoc|Any CPU.Build.0 = Debug|Any CPU
		{91720381-21FB-40CB-BD47-957C4082370B}.Ad-Hoc|iPhone.ActiveCfg = Debug|Any CPU
		{91720381-21FB-40CB-BD47-957C4082370B}.Ad-Hoc|iPhone.Build.0 = Debug|Any CPU
		{91720381-21FB-40CB-BD47-957C4082370B}.Ad-Hoc|iPhoneSimulator.ActiveCfg = Debug|Any CPU
		{91720381-21FB-40CB-BD47-957C4082370B}.Ad-Hoc|iPhoneSimulator.Build.0 = Debug|Any CPU
		{91720381-21FB-40CB-BD47-957C4082370B}.AppStore|Any CPU.ActiveCfg = Debug|Any CPU
		{91720381-21FB-40CB-BD47-957C4082370B}.AppStore|Any CPU.Build.0 = Debug|Any CPU
		{91720381-21FB-40CB-BD47-957C4082370B}.AppStore|iPhone.ActiveCfg = Debug|Any CPU
		{91720381-21FB-40CB-BD47-957C4082370B}.AppStore|iPhone.Build.0 = Debug|Any CPU
		{91720381-21FB-40CB-BD47-957C4082370B}.AppStore|iPhoneSimulator.ActiveCfg = Debug|Any CPU
		{91720381-21FB-40CB-BD47-957C4082370B}.AppStore|iPhoneSimulator.Build.0 = Debug|Any CPU
		{91720381-21FB-40CB-BD47-957C4082370B}.Debug|Any CPU.ActiveCfg = Debug|Any CPU
		{91720381-21FB-40CB-BD47-957C4082370B}.Debug|Any CPU.Build.0 = Debug|Any CPU
		{91720381-21FB-40CB-BD47-957C4082370B}.Debug|iPhone.ActiveCfg = Debug|Any CPU
		{91720381-21FB-40CB-BD47-957C4082370B}.Debug|iPhone.Build.0 = Debug|Any CPU
		{91720381-21FB-40CB-BD47-957C4082370B}.Debug|iPhoneSimulator.ActiveCfg = Debug|Any CPU
		{91720381-21FB-40CB-BD47-957C4082370B}.Debug|iPhoneSimulator.Build.0 = Debug|Any CPU
		{91720381-21FB-40CB-BD47-957C4082370B}.Release|Any CPU.ActiveCfg = Release|Any CPU
		{91720381-21FB-40CB-BD47-957C4082370B}.Release|Any CPU.Build.0 = Release|Any CPU
		{91720381-21FB-40CB-BD47-957C4082370B}.Release|iPhone.ActiveCfg = Release|Any CPU
		{91720381-21FB-40CB-BD47-957C4082370B}.Release|iPhone.Build.0 = Release|Any CPU
		{91720381-21FB-40CB-BD47-957C4082370B}.Release|iPhoneSimulator.ActiveCfg = Release|Any CPU
		{91720381-21FB-40CB-BD47-957C4082370B}.Release|iPhoneSimulator.Build.0 = Release|Any CPU
	EndGlobalSection
	GlobalSection(SolutionProperties) = preSolution
		HideSolutionNode = FALSE
	EndGlobalSection
	GlobalSection(ExtensibilityGlobals) = postSolution
		SolutionGuid = {0A7ED25A-A147-4F21-98E6-61447616075D}
	EndGlobalSection
EndGlobal
